<Solution>
  <Project Path="Punto 1/Punto 1.csproj" Id="464384aa-87b7-4f65-a939-bbc2071220fe" />
  <Project Path="Punto 2/Punto 2.csproj" Id="67a58b16-a09c-4e58-942f-d3e3140198cf" />
  <Project Path="Punto 3/Punto 3.csproj" Id="503503cf-08dc-4088-9772-1a85dcb51227" />
  <Project Path="Punto 4/Punto 4.csproj" Id="3a6975ac-032f-4c8e-9147-bce846a0636d" />
</Solution>
