<Solution>
  <Project Path="Punto 1/Punto 1.csproj" Id="67f15ce9-5ef6-4af4-ab22-5ecb955c9693" />
  <Project Path="Punto 2/Punto 2.csproj" Id="8290e996-aad1-47af-93c3-32622968df4f" />
  <Project Path="Punto 3/Punto 3.csproj" Id="697a92db-0989-461d-b94c-fa89f70633cb" />
  <Project Path="Punto 4/Punto 4.csproj" Id="0d5922a3-f2e2-4d9c-a38d-236ef9416e5a" />
</Solution>
