<Solution>
  <Project Path="Punto 1/Punto 1.csproj" Id="ac72655c-f6a8-4a63-bccb-ffb110925e8a" />
  <Project Path="Punto 2/Punto 2.csproj" Id="2aec5da9-4c81-4359-a081-7745b0a5d796" />
  <Project Path="Punto 3/Punto 3.csproj" Id="6d4d5564-c2d8-489f-a05a-6c6c1af37895" />
  <Project Path="Punto 4/Punto 4.csproj" Id="649f7f1d-3fd0-4347-b29e-e613ee4f14e1" />
  <Project Path="Punto 5/Punto 5.csproj" Id="85bca2cc-da7a-4864-b4a0-84e774fc5ab9" />
</Solution>
