<Solution>
  <Project Path="Punto 1/Punto 1.csproj" Id="8a3c36eb-e63d-42dd-9218-595d3373a745" />
  <Project Path="Punto 2/Punto 2.csproj" Id="30f5b113-e0c7-41f6-a886-07edb05290c1" />
  <Project Path="Punto 3/Punto 3.csproj" Id="f46fed1a-dc4a-4d67-bc55-024b56d9ad02" />
  <Project Path="Punto 4/Punto 4.csproj" Id="04a19521-d76c-4207-a6d8-e061a7e14236" />
  <Project Path="Punto 5/Punto 5.csproj" Id="5c341fa5-20c0-4904-b82d-ea0daba10beb" />
</Solution>
