<Solution>
  <Project Path="Punto 1/Punto 1.csproj" Id="5eb02462-302f-4d05-9a34-ded8976bcb10" />
  <Project Path="Punto 2/Punto 2.csproj" Id="e14015a6-4544-412a-959c-ffaaa22e9f63" />
  <Project Path="Punto 3/Punto 3.csproj" Id="533c8885-af30-4b2f-884a-3f2f55d330ea" />
  <Project Path="Punto 4/Punto 4.csproj" Id="a5ad3222-f497-4ba7-8f22-03305f806fbf" />
</Solution>
